// !$*UTF8*$!
{
	archiveVersion = 1;
	classes = {
	};
	objectVersion = 50;
	objects = {

/* Begin PBXBuildFile section */
		AA7001A423E672D70006E1ED /* AppDelegate.swift in Sources */ = {isa = PBXBuildFile; fileRef = AA7001A323E672D70006E1ED /* AppDelegate.swift */; };
		AA7001A623E672D70006E1ED /* SceneDelegate.swift in Sources */ = {isa = PBXBuildFile; fileRef = AA7001A523E672D70006E1ED /* SceneDelegate.swift */; };
		AA7001A823E672D70006E1ED /* ViewController.swift in Sources */ = {isa = PBXBuildFile; fileRef = AA7001A723E672D70006E1ED /* ViewController.swift */; };
		AA7001AB23E672D70006E1ED /* Main.storyboard in Resources */ = {isa = PBXBuildFile; fileRef = AA7001A923E672D70006E1ED /* Main.storyboard */; };
		AA7001AD23E672DA0006E1ED /* Assets.xcassets in Resources */ = {isa = PBXBuildFile; fileRef = AA7001AC23E672DA0006E1ED /* Assets.xcassets */; };
		AA7001B023E672DA0006E1ED /* LaunchScreen.storyboard in Resources */ = {isa = PBXBuildFile; fileRef = AA7001AE23E672DA0006E1ED /* LaunchScreen.storyboard */; };
		AA7001BB23E672DB0006E1ED /* ProgressTests.swift in Sources */ = {isa = PBXBuildFile; fileRef = AA7001BA23E672DB0006E1ED /* ProgressTests.swift */; };
/* End PBXBuildFile section */

/* Begin PBXContainerItemProxy section */
		AA7001B723E672DB0006E1ED /* PBXContainerItemProxy */ = {
			isa = PBXContainerItemProxy;
			containerPortal = AA70019823E672D70006E1ED /* Project object */;
			proxyType = 1;
			remoteGlobalIDString = AA70019F23E672D70006E1ED;
			remoteInfo = Progress;
		};
/* End PBXContainerItemProxy section */

/* Begin PBXFileReference section */
		AA7001A023E672D70006E1ED /* Progress.app */ = {isa = PBXFileReference; explicitFileType = wrapper.application; includeInIndex = 0; path = Progress.app; sourceTree = BUILT_PRODUCTS_DIR; };
		AA7001A323E672D70006E1ED /* AppDelegate.swift */ = {isa = PBXFileReference; lastKnownFileType = sourcecode.swift; path = AppDelegate.swift; sourceTree = "<group>"; };
		AA7001A523E672D70006E1ED /* SceneDelegate.swift */ = {isa = PBXFileReference; lastKnownFileType = sourcecode.swift; path = SceneDelegate.swift; sourceTree = "<group>"; };
		AA7001A723E672D70006E1ED /* ViewController.swift */ = {isa = PBXFileReference; lastKnownFileType = sourcecode.swift; path = ViewController.swift; sourceTree = "<group>"; };
		AA7001AA23E672D70006E1ED /* Base */ = {isa = PBXFileReference; lastKnownFileType = file.storyboard; name = Base; path = Base.lproj/Main.storyboard; sourceTree = "<group>"; };
		AA7001AC23E672DA0006E1ED /* Assets.xcassets */ = {isa = PBXFileReference; lastKnownFileType = folder.assetcatalog; path = Assets.xcassets; sourceTree = "<group>"; };
		AA7001AF23E672DA0006E1ED /* Base */ = {isa = PBXFileReference; lastKnownFileType = file.storyboard; name = Base; path = Base.lproj/LaunchScreen.storyboard; sourceTree = "<group>"; };
		AA7001B123E672DA0006E1ED /* Info.plist */ = {isa = PBXFileReference; lastKnownFileType = text.plist.xml; path = Info.plist; sourceTree = "<group>"; };
		AA7001B623E672DB0006E1ED /* ProgressTests.xctest */ = {isa = PBXFileReference; explicitFileType = wrapper.cfbundle; includeInIndex = 0; path = ProgressTests.xctest; sourceTree = BUILT_PRODUCTS_DIR; };
		AA7001BA23E672DB0006E1ED /* ProgressTests.swift */ = {isa = PBXFileReference; lastKnownFileType = sourcecode.swift; path = ProgressTests.swift; sourceTree = "<group>"; };
		AA7001BC23E672DB0006E1ED /* Info.plist */ = {isa = PBXFileReference; lastKnownFileType = text.plist.xml; path = Info.plist; sourceTree = "<group>"; };
/* End PBXFileReference section */

/* Begin PBXFrameworksBuildPhase section */
		AA70019D23E672D70006E1ED /* Frameworks */ = {
			isa = PBXFrameworksBuildPhase;
			buildActionMask = 2147483647;
			files = (
			);
			runOnlyForDeploymentPostprocessing = 0;
		};
		AA7001B323E672DB0006E1ED /* Frameworks */ = {
			isa = PBXFrameworksBuildPhase;
			buildActionMask = 2147483647;
			files = (
			);
			runOnlyForDeploymentPostprocessing = 0;
		};
/* End PBXFrameworksBuildPhase section */

/* Begin PBXGroup section */
		AA70019723E672D70006E1ED = {
			isa = PBXGroup;
			children = (
				AA7001A223E672D70006E1ED /* Progress */,
				AA7001B923E672DB0006E1ED /* ProgressTests */,
				AA7001A123E672D70006E1ED /* Products */,
			);
			sourceTree = "<group>";
		};
		AA7001A123E672D70006E1ED /* Products */ = {
			isa = PBXGroup;
			children = (
				AA7001A023E672D70006E1ED /* Progress.app */,
				AA7001B623E672DB0006E1ED /* ProgressTests.xctest */,
			);
			name = Products;
			sourceTree = "<group>";
		};
		AA7001A223E672D70006E1ED /* Progress */ = {
			isa = PBXGroup;
			children = (
				AA7001A323E672D70006E1ED /* AppDelegate.swift */,
				AA7001A523E672D70006E1ED /* SceneDelegate.swift */,
				AA7001A723E672D70006E1ED /* ViewController.swift */,
				AA7001A923E672D70006E1ED /* Main.storyboard */,
				AA7001AC23E672DA0006E1ED /* Assets.xcassets */,
				AA7001AE23E672DA0006E1ED /* LaunchScreen.storyboard */,
				AA7001B123E672DA0006E1ED /* Info.plist */,
			);
			path = Progress;
			sourceTree = "<group>";
		};
		AA7001B923E672DB0006E1ED /* ProgressTests */ = {
			isa = PBXGroup;
			children = (
				AA7001BA23E672DB0006E1ED /* ProgressTests.swift */,
				AA7001BC23E672DB0006E1ED /* Info.plist */,
			);
			path = ProgressTests;
			sourceTree = "<group>";
		};
/* End PBXGroup section */

/* Begin PBXNativeTarget section */
		AA70019F23E672D70006E1ED /* Progress */ = {
			isa = PBXNativeTarget;
			buildConfigurationList = AA7001BF23E672DB0006E1ED /* Build configuration list for PBXNativeTarget "Progress" */;
			buildPhases = (
				AA70019C23E672D70006E1ED /* Sources */,
				AA70019D23E672D70006E1ED /* Frameworks */,
				AA70019E23E672D70006E1ED /* Resources */,
			);
			buildRules = (
			);
			dependencies = (
			);
			name = Progress;
			productName = Progress;
			productReference = AA7001A023E672D70006E1ED /* Progress.app */;
			productType = "com.apple.product-type.application";
		};
		AA7001B523E672DB0006E1ED /* ProgressTests */ = {
			isa = PBXNativeTarget;
			buildConfigurationList = AA7001C223E672DB0006E1ED /* Build configuration list for PBXNativeTarget "ProgressTests" */;
			buildPhases = (
				AA7001B223E672DB0006E1ED /* Sources */,
				AA7001B323E672DB0006E1ED /* Frameworks */,
				AA7001B423E672DB0006E1ED /* Resources */,
			);
			buildRules = (
			);
			dependencies = (
				AA7001B823E672DB0006E1ED /* PBXTargetDependency */,
			);
			name = ProgressTests;
			productName = ProgressTests;
			productReference = AA7001B623E672DB0006E1ED /* ProgressTests.xctest */;
			productType = "com.apple.product-type.bundle.unit-test";
		};
/* End PBXNativeTarget section */

/* Begin PBXProject section */
		AA70019823E672D70006E1ED /* Project object */ = {
			isa = PBXProject;
			attributes = {
				LastSwiftUpdateCheck = 1130;
				LastUpgradeCheck = 1130;
				ORGANIZATIONNAME = playplay;
				TargetAttributes = {
					AA70019F23E672D70006E1ED = {
						CreatedOnToolsVersion = 11.3;
					};
					AA7001B523E672DB0006E1ED = {
						CreatedOnToolsVersion = 11.3;
						TestTargetID = AA70019F23E672D70006E1ED;
					};
				};
			};
			buildConfigurationList = AA70019B23E672D70006E1ED /* Build configuration list for PBXProject "Progress" */;
			compatibilityVersion = "Xcode 9.3";
			developmentRegion = en;
			hasScannedForEncodings = 0;
			knownRegions = (
				en,
				Base,
			);
			mainGroup = AA70019723E672D70006E1ED;
			productRefGroup = AA7001A123E672D70006E1ED /* Products */;
			projectDirPath = "";
			projectRoot = "";
			targets = (
				AA70019F23E672D70006E1ED /* Progress */,
				AA7001B523E672DB0006E1ED /* ProgressTests */,
			);
		};
/* End PBXProject section */

/* Begin PBXResourcesBuildPhase section */
		AA70019E23E672D70006E1ED /* Resources */ = {
			isa = PBXResourcesBuildPhase;
			buildActionMask = 2147483647;
			files = (
				AA7001B023E672DA0006E1ED /* LaunchScreen.storyboard in Resources */,
				AA7001AD23E672DA0006E1ED /* Assets.xcassets in Resources */,
				AA7001AB23E672D70006E1ED /* Main.storyboard in Resources */,
			);
			runOnlyForDeploymentPostprocessing = 0;
		};
		AA7001B423E672DB0006E1ED /* Resources */ = {
			isa = PBXResourcesBuildPhase;
			buildActionMask = 2147483647;
			files = (
			);
			runOnlyForDeploymentPostprocessing = 0;
		};
/* End PBXResourcesBuildPhase section */

/* Begin PBXSourcesBuildPhase section */
		AA70019C23E672D70006E1ED /* Sources */ = {
			isa = PBXSourcesBuildPhase;
			buildActionMask = 2147483647;
			files = (
				AA7001A823E672D70006E1ED /* ViewController.swift in Sources */,
				AA7001A423E672D70006E1ED /* AppDelegate.swift in Sources */,
				AA7001A623E672D70006E1ED /* SceneDelegate.swift in Sources */,
			);
			runOnlyForDeploymentPostprocessing = 0;
		};
		AA7001B223E672DB0006E1ED /* Sources */ = {
			isa = PBXSourcesBuildPhase;
			buildActionMask = 2147483647;
			files = (
				AA7001BB23E672DB0006E1ED /* ProgressTests.swift in Sources */,
			);
			runOnlyForDeploymentPostprocessing = 0;
		};
/* End PBXSourcesBuildPhase section */

/* Begin PBXTargetDependency section */
		AA7001B823E672DB0006E1ED /* PBXTargetDependency */ = {
			isa = PBXTargetDependency;
			target = AA70019F23E672D70006E1ED /* Progress */;
			targetProxy = AA7001B723E672DB0006E1ED /* PBXContainerItemProxy */;
		};
/* End PBXTargetDependency section */

/* Begin PBXVariantGroup section */
		AA7001A923E672D70006E1ED /* Main.storyboard */ = {
			isa = PBXVariantGroup;
			children = (
				AA7001AA23E672D70006E1ED /* Base */,
			);
			name = Main.storyboard;
			sourceTree = "<group>";
		};
		AA7001AE23E672DA0006E1ED /* LaunchScreen.storyboard */ = {
			isa = PBXVariantGroup;
			children = (
				AA7001AF23E672DA0006E1ED /* Base */,
			);
			name = LaunchScreen.storyboard;
			sourceTree = "<group>";
		};
/* End PBXVariantGroup section */

/* Begin XCBuildConfiguration section */
		AA7001BD23E672DB0006E1ED /* Debug */ = {
			isa = XCBuildConfiguration;
			buildSettings = {
				ALWAYS_SEARCH_USER_PATHS = NO;
				CLANG_ANALYZER_NONNULL = YES;
				CLANG_ANALYZER_NUMBER_OBJECT_CONVERSION = YES_AGGRESSIVE;
				CLANG_CXX_LANGUAGE_STANDARD = "gnu++14";
				CLANG_CXX_LIBRARY = "libc++";
				CLANG_ENABLE_MODULES = YES;
				CLANG_ENABLE_OBJC_ARC = YES;
				CLANG_ENABLE_OBJC_WEAK = YES;
				CLANG_WARN_BLOCK_CAPTURE_AUTORELEASING = YES;
				CLANG_WARN_BOOL_CONVERSION = YES;
				CLANG_WARN_COMMA = YES;
				CLANG_WARN_CONSTANT_CONVERSION = YES;
				CLANG_WARN_DEPRECATED_OBJC_IMPLEMENTATIONS = YES;
				CLANG_WARN_DIRECT_OBJC_ISA_USAGE = YES_ERROR;
				CLANG_WARN_DOCUMENTATION_COMMENTS = YES;
				CLANG_WARN_EMPTY_BODY = YES;
				CLANG_WARN_ENUM_CONVERSION = YES;
				CLANG_WARN_INFINITE_RECURSION = YES;
				CLANG_WARN_INT_CONVERSION = YES;
				CLANG_WARN_NON_LITERAL_NULL_CONVERSION = YES;
				CLANG_WARN_OBJC_IMPLICIT_RETAIN_SELF = YES;
				CLANG_WARN_OBJC_LITERAL_CONVERSION = YES;
				CLANG_WARN_OBJC_ROOT_CLASS = YES_ERROR;
				CLANG_WARN_RANGE_LOOP_ANALYSIS = YES;
				CLANG_WARN_STRICT_PROTOTYPES = YES;
				CLANG_WARN_SUSPICIOUS_MOVE = YES;
				CLANG_WARN_UNGUARDED_AVAILABILITY = YES_AGGRESSIVE;
				CLANG_WARN_UNREACHABLE_CODE = YES;
				CLANG_WARN__DUPLICATE_METHOD_MATCH = YES;
				COPY_PHASE_STRIP = NO;
				DEBUG_INFORMATION_FORMAT = dwarf;
				ENABLE_STRICT_OBJC_MSGSEND = YES;
				ENABLE_TESTABILITY = YES;
				GCC_C_LANGUAGE_STANDARD = gnu11;
				GCC_DYNAMIC_NO_PIC = NO;
				GCC_NO_COMMON_BLOCKS = YES;
				GCC_OPTIMIZATION_LEVEL = 0;
				GCC_PREPROCESSOR_DEFINITIONS = (
					"DEBUG=1",
					"$(inherited)",
				);
				GCC_WARN_64_TO_32_BIT_CONVERSION = YES;
				GCC_WARN_ABOUT_RETURN_TYPE = YES_ERROR;
				GCC_WARN_UNDECLARED_SELECTOR = YES;
				GCC_WARN_UNINITIALIZED_AUTOS = YES_AGGRESSIVE;
				GCC_WARN_UNUSED_FUNCTION = YES;
				GCC_WARN_UNUSED_VARIABLE = YES;
				IPHONEOS_DEPLOYMENT_TARGET = 13.2;
				MTL_ENABLE_DEBUG_INFO = INCLUDE_SOURCE;
				MTL_FAST_MATH = YES;
				ONLY_ACTIVE_ARCH = YES;
				SDKROOT = iphoneos;
				SWIFT_ACTIVE_COMPILATION_CONDITIONS = DEBUG;
				SWIFT_OPTIMIZATION_LEVEL = "-Onone";
			};
			name = Debug;
		};
		AA7001BE23E672DB0006E1ED /* Release */ = {
			isa = XCBuildConfiguration;
			buildSettings = {
				ALWAYS_SEARCH_USER_PATHS = NO;
				CLANG_ANALYZER_NONNULL = YES;
				CLANG_ANALYZER_NUMBER_OBJECT_CONVERSION = YES_AGGRESSIVE;
				CLANG_CXX_LANGUAGE_STANDARD = "gnu++14";
				CLANG_CXX_LIBRARY = "libc++";
				CLANG_ENABLE_MODULES = YES;
				CLANG_ENABLE_OBJC_ARC = YES;
				CLANG_ENABLE_OBJC_WEAK = YES;
				CLANG_WARN_BLOCK_CAPTURE_AUTORELEASING = YES;
				CLANG_WARN_BOOL_CONVERSION = YES;
				CLANG_WARN_COMMA = YES;
				CLANG_WARN_CONSTANT_CONVERSION = YES;
				CLANG_WARN_DEPRECATED_OBJC_IMPLEMENTATIONS = YES;
				CLANG_WARN_DIRECT_OBJC_ISA_USAGE = YES_ERROR;
				CLANG_WARN_DOCUMENTATION_COMMENTS = YES;
				CLANG_WARN_EMPTY_BODY = YES;
				CLANG_WARN_ENUM_CONVERSION = YES;
				CLANG_WARN_INFINITE_RECURSION = YES;
				CLANG_WARN_INT_CONVERSION = YES;
				CLANG_WARN_NON_LITERAL_NULL_CONVERSION = YES;
				CLANG_WARN_OBJC_IMPLICIT_RETAIN_SELF = YES;
				CLANG_WARN_OBJC_LITERAL_CONVERSION = YES;
				CLANG_WARN_OBJC_ROOT_CLASS = YES_ERROR;
				CLANG_WARN_RANGE_LOOP_ANALYSIS = YES;
				CLANG_WARN_STRICT_PROTOTYPES = YES;
				CLANG_WARN_SUSPICIOUS_MOVE = YES;
				CLANG_WARN_UNGUARDED_AVAILABILITY = YES_AGGRESSIVE;
				CLANG_WARN_UNREACHABLE_CODE = YES;
				CLANG_WARN__DUPLICATE_METHOD_MATCH = YES;
				COPY_PHASE_STRIP = NO;
				DEBUG_INFORMATION_FORMAT = "dwarf-with-dsym";
				ENABLE_NS_ASSERTIONS = NO;
				ENABLE_STRICT_OBJC_MSGSEND = YES;
				GCC_C_LANGUAGE_STANDARD = gnu11;
				GCC_NO_COMMON_BLOCKS = YES;
				GCC_WARN_64_TO_32_BIT_CONVERSION = YES;
				GCC_WARN_ABOUT_RETURN_TYPE = YES_ERROR;
				GCC_WARN_UNDECLARED_SELECTOR = YES;
				GCC_WARN_UNINITIALIZED_AUTOS = YES_AGGRESSIVE;
				GCC_WARN_UNUSED_FUNCTION = YES;
				GCC_WARN_UNUSED_VARIABLE = YES;
				IPHONEOS_DEPLOYMENT_TARGET = 13.2;
				MTL_ENABLE_DEBUG_INFO = NO;
				MTL_FAST_MATH = YES;
				SDKROOT = iphoneos;
				SWIFT_COMPILATION_MODE = wholemodule;
				SWIFT_OPTIMIZATION_LEVEL = "-O";
				VALIDATE_PRODUCT = YES;
			};
			name = Release;
		};
		AA7001C023E672DB0006E1ED /* Debug */ = {
			isa = XCBuildConfiguration;
			buildSettings = {
				ASSETCATALOG_COMPILER_APPICON_NAME = AppIcon;
				CODE_SIGN_STYLE = Automatic;
				DEVELOPMENT_TEAM = JGBAS79AJ4;
				INFOPLIST_FILE = Progress/Info.plist;
				LD_RUNPATH_SEARCH_PATHS = (
					"$(inherited)",
					"@executable_path/Frameworks",
				);
				PRODUCT_BUNDLE_IDENTIFIER = com.playplay.Progress;
				PRODUCT_NAME = "$(TARGET_NAME)";
				SWIFT_VERSION = 5.0;
				TARGETED_DEVICE_FAMILY = "1,2";
			};
			name = Debug;
		};
		AA7001C123E672DB0006E1ED /* Release */ = {
			isa = XCBuildConfiguration;
			buildSettings = {
				ASSETCATALOG_COMPILER_APPICON_NAME = AppIcon;
				CODE_SIGN_STYLE = Automatic;
				DEVELOPMENT_TEAM = JGBAS79AJ4;
				INFOPLIST_FILE = Progress/Info.plist;
				LD_RUNPATH_SEARCH_PATHS = (
					"$(inherited)",
					"@executable_path/Frameworks",
				);
				PRODUCT_BUNDLE_IDENTIFIER = com.playplay.Progress;
				PRODUCT_NAME = "$(TARGET_NAME)";
				SWIFT_VERSION = 5.0;
				TARGETED_DEVICE_FAMILY = "1,2";
			};
			name = Release;
		};
		AA7001C323E672DB0006E1ED /* Debug */ = {
			isa = XCBuildConfiguration;
			buildSettings = {
				ALWAYS_EMBED_SWIFT_STANDARD_LIBRARIES = YES;
				BUNDLE_LOADER = "$(TEST_HOST)";
				CODE_SIGN_STYLE = Automatic;
				DEVELOPMENT_TEAM = JGBAS79AJ4;
				INFOPLIST_FILE = ProgressTests/Info.plist;
				IPHONEOS_DEPLOYMENT_TARGET = 13.2;
				LD_RUNPATH_SEARCH_PATHS = (
					"$(inherited)",
					"@executable_path/Frameworks",
					"@loader_path/Frameworks",
				);
				PRODUCT_BUNDLE_IDENTIFIER = com.playplay.ProgressTests;
				PRODUCT_NAME = "$(TARGET_NAME)";
				SWIFT_VERSION = 5.0;
				TARGETED_DEVICE_FAMILY = "1,2";
				TEST_HOST = "$(BUILT_PRODUCTS_DIR)/Progress.app/Progress";
			};
			name = Debug;
		};
		AA7001C423E672DB0006E1ED /* Release */ = {
			isa = XCBuildConfiguration;
			buildSettings = {
				ALWAYS_EMBED_SWIFT_STANDARD_LIBRARIES = YES;
				BUNDLE_LOADER = "$(TEST_HOST)";
				CODE_SIGN_STYLE = Automatic;
				DEVELOPMENT_TEAM = JGBAS79AJ4;
				INFOPLIST_FILE = ProgressTests/Info.plist;
				IPHONEOS_DEPLOYMENT_TARGET = 13.2;
				LD_RUNPATH_SEARCH_PATHS = (
					"$(inherited)",
					"@executable_path/Frameworks",
					"@loader_path/Frameworks",
				);
				PRODUCT_BUNDLE_IDENTIFIER = com.playplay.ProgressTests;
				PRODUCT_NAME = "$(TARGET_NAME)";
				SWIFT_VERSION = 5.0;
				TARGETED_DEVICE_FAMILY = "1,2";
				TEST_HOST = "$(BUILT_PRODUCTS_DIR)/Progress.app/Progress";
			};
			name = Release;
		};
/* End XCBuildConfiguration section */

/* Begin XCConfigurationList section */
		AA70019B23E672D70006E1ED /* Build configuration list for PBXProject "Progress" */ = {
			isa = XCConfigurationList;
			buildConfigurations = (
				AA7001BD23E672DB0006E1ED /* Debug */,
				AA7001BE23E672DB0006E1ED /* Release */,
			);
			defaultConfigurationIsVisible = 0;
			defaultConfigurationName = Release;
		};
		AA7001BF23E672DB0006E1ED /* Build configuration list for PBXNativeTarget "Progress" */ = {
			isa = XCConfigurationList;
			buildConfigurations = (
				AA7001C023E672DB0006E1ED /* Debug */,
				AA7001C123E672DB0006E1ED /* Release */,
			);
			defaultConfigurationIsVisible = 0;
			defaultConfigurationName = Release;
		};
		AA7001C223E672DB0006E1ED /* Build configuration list for PBXNativeTarget "ProgressTests" */ = {
			isa = XCConfigurationList;
			buildConfigurations = (
				AA7001C323E672DB0006E1ED /* Debug */,
				AA7001C423E672DB0006E1ED /* Release */,
			);
			defaultConfigurationIsVisible = 0;
			defaultConfigurationName = Release;
		};
/* End XCConfigurationList section */
	};
	rootObject = AA70019823E672D70006E1ED /* Project object */;
}
